{
  "nodes": {
    "flake-utils": {
      "locked": {
        "lastModified": 1610051610,
        "narHash": "sha256-U9rPz/usA1/Aohhk7Cmc2gBrEEKRzcW4nwPWMPwja4Y=",
        "owner": "numtide",
        "repo": "flake-utils",
        "rev": "3982c9903e93927c2164caa727cd3f6a0e6d14cc",
        "type": "github"
      },
      "original": {
        "owner": "numtide",
        "repo": "flake-utils",
        "type": "github"
      }
    },
    "nixpkgs": {
      "locked": {
        "lastModified": 1626679483,
        "narHash": "sha256-+BziIOkCKGqEvT8Xl59hym6CcB0hakqqxigKSuuBXmM=",
        "owner": "NixOS",
        "repo": "nixpkgs",
        "rev": "4181644d09b96af0f92c2f025d3463f9d19c7790",
        "type": "github"
      },
      "original": {
        "owner": "NixOS",
        "ref": "nixos-21.05",
        "repo": "nixpkgs",
        "type": "github"
      }
    },
    "pico-sdk": {
      "flake": false,
      "locked": {
        "lastModified": 1628691863,
        "narHash": "sha256-kLOMPuUs5ZgeSIrW+0X/4rDqvjJf3spw/xHUwWuY9u0=",
        "owner": "raspberrypi",
        "repo": "pico-sdk",
        "rev": "c08136b69667d1dcabefce6518e689720b7eec42",
        "type": "github"
      },
      "original": {
        "owner": "raspberrypi",
        "ref": "develop",
        "repo": "pico-sdk",
        "type": "github"
      }
    },
    "root": {
      "inputs": {
        "flake-utils": "flake-utils",
        "nixpkgs": "nixpkgs",
        "pico-sdk": "pico-sdk",
        "tinyusb": "tinyusb"
      }
    },
    "tinyusb": {
      "flake": false,
      "locked": {
        "lastModified": 1622657787,
        "narHash": "sha256-yRu6pUb1bCLrr9vh1/gw0DrUIktVX2j3WRtR2XhOL2s=",
        "owner": "hathach",
        "repo": "tinyusb",
        "rev": "d49938d0f5052bce70e55c652b657c0a6a7e84fe",
        "type": "github"
      },
      "original": {
        "owner": "hathach",
        "repo": "tinyusb",
        "rev": "d49938d0f5052bce70e55c652b657c0a6a7e84fe",
        "type": "github"
      }
    }
  },
  "root": "root",
  "version": 7
}
