{
  "nodes": {
    "flake-utils": {
      "locked": {
        "lastModified": 1631561581,
        "narHash": "sha256-3VQMV5zvxaVLvqqUrNz3iJelLw30mIVSfZmAaauM3dA=",
        "owner": "numtide",
        "repo": "flake-utils",
        "rev": "7e5bf3925f6fbdfaf50a2a7ca0be2879c4261d19",
        "type": "github"
      },
      "original": {
        "owner": "numtide",
        "repo": "flake-utils",
        "type": "github"
      }
    },
    "nixpkgs": {
      "locked": {
        "lastModified": 1634327140,
        "narHash": "sha256-d5L7oMjUVC6VU0cQMsF0tceAPkmzuAQ51DWBFNChbEQ=",
        "owner": "NixOS",
        "repo": "nixpkgs",
        "rev": "83667ff60a88e22b76ef4b0bdf5334670b39c2b6",
        "type": "github"
      },
      "original": {
        "owner": "NixOS",
        "ref": "nixos-21.05",
        "repo": "nixpkgs",
        "type": "github"
      }
    },
    "openocd": {
      "flake": false,
      "locked": {
        "lastModified": 1626277910,
        "narHash": "sha256-9v2t4YbPjuROoxm9v8w4U+cmf09y8L5lM7w7nqEx1/4=",
        "ref": "master+swd+rp2040+picoprobe",
        "rev": "0628da71e112cd5fed0659590ddd54ed1df23a98",
        "shallow": true,
        "submodules": true,
        "type": "git",
        "url": "https://github.com/raspberrypi/openocd.git"
      },
      "original": {
        "ref": "master+swd+rp2040+picoprobe",
        "shallow": true,
        "submodules": true,
        "type": "git",
        "url": "https://github.com/raspberrypi/openocd.git"
      }
    },
    "pico-sdk": {
      "flake": false,
      "locked": {
        "lastModified": 1634243728,
        "narHash": "sha256-tjnwHSl50W/H++yyHANRaDz/YwATGBJ4Ro+6sZZdDZ0=",
        "owner": "raspberrypi",
        "repo": "pico-sdk",
        "rev": "68571ad33e42c8fcf39fadb0262a89556c1d0414",
        "type": "github"
      },
      "original": {
        "owner": "raspberrypi",
        "ref": "develop",
        "repo": "pico-sdk",
        "type": "github"
      }
    },
    "picotool": {
      "flake": false,
      "locked": {
        "lastModified": 1624548475,
        "narHash": "sha256-/gXR9HGcQ7PvgzBFdkJpuj9wC9Vk2BZ5m/iVHZbDCUk=",
        "owner": "raspberrypi",
        "repo": "picotool",
        "rev": "62873e14e8a4ef3608635077be4c04b4e2fdf50f",
        "type": "github"
      },
      "original": {
        "owner": "raspberrypi",
        "repo": "picotool",
        "type": "github"
      }
    },
    "root": {
      "inputs": {
        "flake-utils": "flake-utils",
        "nixpkgs": "nixpkgs",
        "openocd": "openocd",
        "pico-sdk": "pico-sdk",
        "picotool": "picotool",
        "tinyusb": "tinyusb"
      }
    },
    "tinyusb": {
      "flake": false,
      "locked": {
        "lastModified": 1622657787,
        "narHash": "sha256-yRu6pUb1bCLrr9vh1/gw0DrUIktVX2j3WRtR2XhOL2s=",
        "owner": "hathach",
        "repo": "tinyusb",
        "rev": "d49938d0f5052bce70e55c652b657c0a6a7e84fe",
        "type": "github"
      },
      "original": {
        "owner": "hathach",
        "repo": "tinyusb",
        "rev": "d49938d0f5052bce70e55c652b657c0a6a7e84fe",
        "type": "github"
      }
    }
  },
  "root": "root",
  "version": 7
}
